github.com/kunitsucom/util.go v0.0.59-0.20231102155003-7e7a1d35eca8 h1:bpapba6M/rbrzZkqJyY0mxa+3NyMCae6fYkL91ogL1Q=
github.com/kunitsucom/util.go v0.0.59-0.20231102155003-7e7a1d35eca8/go.mod h1:bYFf2JvRqVF1brBtpdt3xkkTGJBxmYBxZlItrc/lf7Y=
github.com/kunitsucom/util.go v0.0.59-rc.1 h1:A+MJg0q7jtn6yxthcd22BPHPPT1kM0IBJSCorJdZDYY=
github.com/kunitsucom/util.go v0.0.59-rc.1/go.mod h1:bYFf2JvRqVF1brBtpdt3xkkTGJBxmYBxZlItrc/lf7Y=
